// !$*UTF8*$!
{
	archiveVersion = 1;
	classes = {
	};
	objectVersion = 77;
	objects = {

/* Begin PBXBuildFile section */
		0A4704AB6F2E12BC26968C1F /* OpusCaptureFile.swift in Sources */ = {isa = PBXBuildFile; fileRef = 4003379AAB342CFEAB2806C1 /* OpusCaptureFile.swift */; };
		0B72ECAB5E95D7C50655E278 /* SessionManager.swift in Sources */ = {isa = PBXBuildFile; fileRef = 72E2E12B298F27D1A50D275E /* SessionManager.swift */; };
		1D391DCC4F02595E75C77823 /* SettingsView.swift in Sources */ = {isa = PBXBuildFile; fileRef = 0EBCB157602A299C83E0D30F /* SettingsView.swift */; };
		252B95C6ECC0620DF75DB5E3 /* Opus in Frameworks */ = {isa = PBXBuildFile; productRef = 9CFB173F599903C014ED62E5 /* Opus */; };
		2BC796466721583B970504DC /* CalendarService.swift in Sources */ = {isa = PBXBuildFile; fileRef = DCA1339080FE6BCCCD69117D /* CalendarService.swift */; };
		3464B2DFF922FB174FAE19C9 /* TranscriptFormatterTests.swift in Sources */ = {isa = PBXBuildFile; fileRef = 6528D7C79826AB20BD98A600 /* TranscriptFormatterTests.swift */; };
		3997038CEF37C9D263B8222E /* PendantBLE.swift in Sources */ = {isa = PBXBuildFile; fileRef = 2E0091BA16A45667586600B3 /* PendantBLE.swift */; };
		42B170C0B6BB58EC462BC965 /* DebugLog.swift in Sources */ = {isa = PBXBuildFile; fileRef = 7560B8DC76C9C549D5218615 /* DebugLog.swift */; };
		453CAA9944552756E9CEF7BF /* PushQueueTests.swift in Sources */ = {isa = PBXBuildFile; fileRef = 533DFD44FF2C81DF0E957713 /* PushQueueTests.swift */; };
		5CC46CC10519FF79C305C765 /* SettingsStore.swift in Sources */ = {isa = PBXBuildFile; fileRef = C444F28D5F466A3E9367FD2D /* SettingsStore.swift */; };
		5DDC9E7F1E6DB70C97FE2854 /* OpusStreamDecoder.swift in Sources */ = {isa = PBXBuildFile; fileRef = A5CF4C77C6431292536368A4 /* OpusStreamDecoder.swift */; };
		63E2F7E5D2AD1EA293924A0F /* Assets.xcassets in Resources */ = {isa = PBXBuildFile; fileRef = B7361350D8B378AC06E19D6C /* Assets.xcassets */; };
		70C786289B250B1A749D2ADB /* TranscriptFormatter.swift in Sources */ = {isa = PBXBuildFile; fileRef = 4D3433B698F3DBC39DA5E291 /* TranscriptFormatter.swift */; };
		7DFBBDC173A3D73E23E78A03 /* GitHubSync.swift in Sources */ = {isa = PBXBuildFile; fileRef = 93B71C281CA11E52B9557ACA /* GitHubSync.swift */; };
		967E2452AAAB501E527B25BE /* TokDownApp.swift in Sources */ = {isa = PBXBuildFile; fileRef = 89093FCAEF6E13ABF38B0A06 /* TokDownApp.swift */; };
		9D41A912DBC9DFCC7439787A /* OpusCaptureFileTests.swift in Sources */ = {isa = PBXBuildFile; fileRef = A39775F9DFCCBEE02F136517 /* OpusCaptureFileTests.swift */; };
		AA38A876935948F7FE130450 /* PushQueue.swift in Sources */ = {isa = PBXBuildFile; fileRef = 87B64E4DADD08F5573190E10 /* PushQueue.swift */; };
		B4C5E4C3E0BD029905C4AA5D /* ContentView.swift in Sources */ = {isa = PBXBuildFile; fileRef = 0A655E4FC9D1E24AD594F27F /* ContentView.swift */; };
		CCB58DEE357F48ED78008B2A /* TranscriptionService.swift in Sources */ = {isa = PBXBuildFile; fileRef = 7F27A8C122CA2609FA6430E3 /* TranscriptionService.swift */; };
		CDF2CB80A75F011C58F49D06 /* LimitlessProtocol.swift in Sources */ = {isa = PBXBuildFile; fileRef = B0141CB36E04D4861275E68F /* LimitlessProtocol.swift */; };
/* End PBXBuildFile section */

/* Begin PBXContainerItemProxy section */
		9CA77FD55F7015C06D3DAAF6 /* PBXContainerItemProxy */ = {
			isa = PBXContainerItemProxy;
			containerPortal = AFD2FBB6F5EBB7DD47E39FB4 /* Project object */;
			proxyType = 1;
			remoteGlobalIDString = 669A733139B734037ADF5BC4;
			remoteInfo = TokDown;
		};
/* End PBXContainerItemProxy section */

/* Begin PBXFileReference section */
		0A655E4FC9D1E24AD594F27F /* ContentView.swift */ = {isa = PBXFileReference; lastKnownFileType = sourcecode.swift; path = ContentView.swift; sourceTree = "<group>"; };
		0EBCB157602A299C83E0D30F /* SettingsView.swift */ = {isa = PBXFileReference; lastKnownFileType = sourcecode.swift; path = SettingsView.swift; sourceTree = "<group>"; };
		2E0091BA16A45667586600B3 /* PendantBLE.swift */ = {isa = PBXFileReference; lastKnownFileType = sourcecode.swift; path = PendantBLE.swift; sourceTree = "<group>"; };
		4003379AAB342CFEAB2806C1 /* OpusCaptureFile.swift */ = {isa = PBXFileReference; lastKnownFileType = sourcecode.swift; path = OpusCaptureFile.swift; sourceTree = "<group>"; };
		4D3433B698F3DBC39DA5E291 /* TranscriptFormatter.swift */ = {isa = PBXFileReference; lastKnownFileType = sourcecode.swift; path = TranscriptFormatter.swift; sourceTree = "<group>"; };
		533DFD44FF2C81DF0E957713 /* PushQueueTests.swift */ = {isa = PBXFileReference; lastKnownFileType = sourcecode.swift; path = PushQueueTests.swift; sourceTree = "<group>"; };
		6528D7C79826AB20BD98A600 /* TranscriptFormatterTests.swift */ = {isa = PBXFileReference; lastKnownFileType = sourcecode.swift; path = TranscriptFormatterTests.swift; sourceTree = "<group>"; };
		72E2E12B298F27D1A50D275E /* SessionManager.swift */ = {isa = PBXFileReference; lastKnownFileType = sourcecode.swift; path = SessionManager.swift; sourceTree = "<group>"; };
		7560B8DC76C9C549D5218615 /* DebugLog.swift */ = {isa = PBXFileReference; lastKnownFileType = sourcecode.swift; path = DebugLog.swift; sourceTree = "<group>"; };
		7F27A8C122CA2609FA6430E3 /* TranscriptionService.swift */ = {isa = PBXFileReference; lastKnownFileType = sourcecode.swift; path = TranscriptionService.swift; sourceTree = "<group>"; };
		87B64E4DADD08F5573190E10 /* PushQueue.swift */ = {isa = PBXFileReference; lastKnownFileType = sourcecode.swift; path = PushQueue.swift; sourceTree = "<group>"; };
		89093FCAEF6E13ABF38B0A06 /* TokDownApp.swift */ = {isa = PBXFileReference; lastKnownFileType = sourcecode.swift; path = TokDownApp.swift; sourceTree = "<group>"; };
		93B71C281CA11E52B9557ACA /* GitHubSync.swift */ = {isa = PBXFileReference; lastKnownFileType = sourcecode.swift; path = GitHubSync.swift; sourceTree = "<group>"; };
		A39775F9DFCCBEE02F136517 /* OpusCaptureFileTests.swift */ = {isa = PBXFileReference; lastKnownFileType = sourcecode.swift; path = OpusCaptureFileTests.swift; sourceTree = "<group>"; };
		A5CF4C77C6431292536368A4 /* OpusStreamDecoder.swift */ = {isa = PBXFileReference; lastKnownFileType = sourcecode.swift; path = OpusStreamDecoder.swift; sourceTree = "<group>"; };
		B0141CB36E04D4861275E68F /* LimitlessProtocol.swift */ = {isa = PBXFileReference; lastKnownFileType = sourcecode.swift; path = LimitlessProtocol.swift; sourceTree = "<group>"; };
		B2D2258862F7C35468CE104F /* TokDownTests.xctest */ = {isa = PBXFileReference; includeInIndex = 0; lastKnownFileType = wrapper.cfbundle; path = TokDownTests.xctest; sourceTree = BUILT_PRODUCTS_DIR; };
		B7361350D8B378AC06E19D6C /* Assets.xcassets */ = {isa = PBXFileReference; lastKnownFileType = folder.assetcatalog; path = Assets.xcassets; sourceTree = "<group>"; };
		BFA9900AEB0EF66DDFA7701F /* TokDown.app */ = {isa = PBXFileReference; includeInIndex = 0; lastKnownFileType = wrapper.application; path = TokDown.app; sourceTree = BUILT_PRODUCTS_DIR; };
		C444F28D5F466A3E9367FD2D /* SettingsStore.swift */ = {isa = PBXFileReference; lastKnownFileType = sourcecode.swift; path = SettingsStore.swift; sourceTree = "<group>"; };
		D88CF075B150FEF08112675D /* Info.plist */ = {isa = PBXFileReference; lastKnownFileType = text.plist; path = Info.plist; sourceTree = "<group>"; };
		DCA1339080FE6BCCCD69117D /* CalendarService.swift */ = {isa = PBXFileReference; lastKnownFileType = sourcecode.swift; path = CalendarService.swift; sourceTree = "<group>"; };
/* End PBXFileReference section */

/* Begin PBXFrameworksBuildPhase section */
		423C78CFA89EC50B451DE3CC /* Frameworks */ = {
			isa = PBXFrameworksBuildPhase;
			buildActionMask = 2147483647;
			files = (
				252B95C6ECC0620DF75DB5E3 /* Opus in Frameworks */,
			);
			runOnlyForDeploymentPostprocessing = 0;
		};
/* End PBXFrameworksBuildPhase section */

/* Begin PBXGroup section */
		740EE18DFC1A1A1B4C0E69A4 /* TokDown */ = {
			isa = PBXGroup;
			children = (
				B7361350D8B378AC06E19D6C /* Assets.xcassets */,
				DCA1339080FE6BCCCD69117D /* CalendarService.swift */,
				0A655E4FC9D1E24AD594F27F /* ContentView.swift */,
				7560B8DC76C9C549D5218615 /* DebugLog.swift */,
				93B71C281CA11E52B9557ACA /* GitHubSync.swift */,
				D88CF075B150FEF08112675D /* Info.plist */,
				B0141CB36E04D4861275E68F /* LimitlessProtocol.swift */,
				4003379AAB342CFEAB2806C1 /* OpusCaptureFile.swift */,
				A5CF4C77C6431292536368A4 /* OpusStreamDecoder.swift */,
				2E0091BA16A45667586600B3 /* PendantBLE.swift */,
				87B64E4DADD08F5573190E10 /* PushQueue.swift */,
				72E2E12B298F27D1A50D275E /* SessionManager.swift */,
				C444F28D5F466A3E9367FD2D /* SettingsStore.swift */,
				0EBCB157602A299C83E0D30F /* SettingsView.swift */,
				89093FCAEF6E13ABF38B0A06 /* TokDownApp.swift */,
				4D3433B698F3DBC39DA5E291 /* TranscriptFormatter.swift */,
				7F27A8C122CA2609FA6430E3 /* TranscriptionService.swift */,
			);
			name = TokDown;
			path = Sources/TokDown;
			sourceTree = "<group>";
		};
		944F4EE1DA84851A5FBECAF9 /* Products */ = {
			isa = PBXGroup;
			children = (
				BFA9900AEB0EF66DDFA7701F /* TokDown.app */,
				B2D2258862F7C35468CE104F /* TokDownTests.xctest */,
			);
			name = Products;
			sourceTree = "<group>";
		};
		B30B10D1651F253F62B508D8 = {
			isa = PBXGroup;
			children = (
				740EE18DFC1A1A1B4C0E69A4 /* TokDown */,
				EBD9E322967592CA2BFEA7E5 /* TokDownTests */,
				944F4EE1DA84851A5FBECAF9 /* Products */,
			);
			sourceTree = "<group>";
		};
		EBD9E322967592CA2BFEA7E5 /* TokDownTests */ = {
			isa = PBXGroup;
			children = (
				A39775F9DFCCBEE02F136517 /* OpusCaptureFileTests.swift */,
				533DFD44FF2C81DF0E957713 /* PushQueueTests.swift */,
				6528D7C79826AB20BD98A600 /* TranscriptFormatterTests.swift */,
			);
			name = TokDownTests;
			path = Tests/TokDownTests;
			sourceTree = "<group>";
		};
/* End PBXGroup section */

/* Begin PBXNativeTarget section */
		11CD0118986EE3C9E891AA24 /* TokDownTests */ = {
			isa = PBXNativeTarget;
			buildConfigurationList = B5140123339F690BCCC968DD /* Build configuration list for PBXNativeTarget "TokDownTests" */;
			buildPhases = (
				57069151C4967FFA4D24C5B9 /* Sources */,
			);
			buildRules = (
			);
			dependencies = (
				D189ABF98EA280D452E2E608 /* PBXTargetDependency */,
			);
			name = TokDownTests;
			packageProductDependencies = (
			);
			productName = TokDownTests;
			productReference = B2D2258862F7C35468CE104F /* TokDownTests.xctest */;
			productType = "com.apple.product-type.bundle.unit-test";
		};
		669A733139B734037ADF5BC4 /* TokDown */ = {
			isa = PBXNativeTarget;
			buildConfigurationList = 0D669172084DF2836DBA3DA7 /* Build configuration list for PBXNativeTarget "TokDown" */;
			buildPhases = (
				4C1007400202D8479594AF50 /* Sources */,
				927922295F77FC4A216028DE /* Resources */,
				423C78CFA89EC50B451DE3CC /* Frameworks */,
			);
			buildRules = (
			);
			dependencies = (
			);
			name = TokDown;
			packageProductDependencies = (
				9CFB173F599903C014ED62E5 /* Opus */,
			);
			productName = TokDown;
			productReference = BFA9900AEB0EF66DDFA7701F /* TokDown.app */;
			productType = "com.apple.product-type.application";
		};
/* End PBXNativeTarget section */

/* Begin PBXProject section */
		AFD2FBB6F5EBB7DD47E39FB4 /* Project object */ = {
			isa = PBXProject;
			attributes = {
				BuildIndependentTargetsInParallel = YES;
				LastUpgradeCheck = 1430;
				TargetAttributes = {
					669A733139B734037ADF5BC4 = {
						DevelopmentTeam = "${DEVELOPMENT_TEAM}";
						ProvisioningStyle = Automatic;
					};
				};
			};
			buildConfigurationList = CB798FCB1A81050A739D5E25 /* Build configuration list for PBXProject "TokDown" */;
			developmentRegion = en;
			hasScannedForEncodings = 0;
			knownRegions = (
				Base,
				en,
			);
			mainGroup = B30B10D1651F253F62B508D8;
			minimizedProjectReferenceProxies = 1;
			packageReferences = (
				ABA1747796130C69593C8DB9 /* XCRemoteSwiftPackageReference "swift-opus" */,
			);
			preferredProjectObjectVersion = 77;
			productRefGroup = 944F4EE1DA84851A5FBECAF9 /* Products */;
			projectDirPath = "";
			projectRoot = "";
			targets = (
				669A733139B734037ADF5BC4 /* TokDown */,
				11CD0118986EE3C9E891AA24 /* TokDownTests */,
			);
		};
/* End PBXProject section */

/* Begin PBXResourcesBuildPhase section */
		927922295F77FC4A216028DE /* Resources */ = {
			isa = PBXResourcesBuildPhase;
			buildActionMask = 2147483647;
			files = (
				63E2F7E5D2AD1EA293924A0F /* Assets.xcassets in Resources */,
			);
			runOnlyForDeploymentPostprocessing = 0;
		};
/* End PBXResourcesBuildPhase section */

/* Begin PBXSourcesBuildPhase section */
		4C1007400202D8479594AF50 /* Sources */ = {
			isa = PBXSourcesBuildPhase;
			buildActionMask = 2147483647;
			files = (
				2BC796466721583B970504DC /* CalendarService.swift in Sources */,
				B4C5E4C3E0BD029905C4AA5D /* ContentView.swift in Sources */,
				42B170C0B6BB58EC462BC965 /* DebugLog.swift in Sources */,
				7DFBBDC173A3D73E23E78A03 /* GitHubSync.swift in Sources */,
				CDF2CB80A75F011C58F49D06 /* LimitlessProtocol.swift in Sources */,
				0A4704AB6F2E12BC26968C1F /* OpusCaptureFile.swift in Sources */,
				5DDC9E7F1E6DB70C97FE2854 /* OpusStreamDecoder.swift in Sources */,
				3997038CEF37C9D263B8222E /* PendantBLE.swift in Sources */,
				AA38A876935948F7FE130450 /* PushQueue.swift in Sources */,
				0B72ECAB5E95D7C50655E278 /* SessionManager.swift in Sources */,
				5CC46CC10519FF79C305C765 /* SettingsStore.swift in Sources */,
				1D391DCC4F02595E75C77823 /* SettingsView.swift in Sources */,
				967E2452AAAB501E527B25BE /* TokDownApp.swift in Sources */,
				70C786289B250B1A749D2ADB /* TranscriptFormatter.swift in Sources */,
				CCB58DEE357F48ED78008B2A /* TranscriptionService.swift in Sources */,
			);
			runOnlyForDeploymentPostprocessing = 0;
		};
		57069151C4967FFA4D24C5B9 /* Sources */ = {
			isa = PBXSourcesBuildPhase;
			buildActionMask = 2147483647;
			files = (
				9D41A912DBC9DFCC7439787A /* OpusCaptureFileTests.swift in Sources */,
				453CAA9944552756E9CEF7BF /* PushQueueTests.swift in Sources */,
				3464B2DFF922FB174FAE19C9 /* TranscriptFormatterTests.swift in Sources */,
			);
			runOnlyForDeploymentPostprocessing = 0;
		};
/* End PBXSourcesBuildPhase section */

/* Begin PBXTargetDependency section */
		D189ABF98EA280D452E2E608 /* PBXTargetDependency */ = {
			isa = PBXTargetDependency;
			target = 669A733139B734037ADF5BC4 /* TokDown */;
			targetProxy = 9CA77FD55F7015C06D3DAAF6 /* PBXContainerItemProxy */;
		};
/* End PBXTargetDependency section */

/* Begin XCBuildConfiguration section */
		23974E88116A151B0B45B52C /* Debug */ = {
			isa = XCBuildConfiguration;
			buildSettings = {
				ALWAYS_SEARCH_USER_PATHS = NO;
				CLANG_ANALYZER_NONNULL = YES;
				CLANG_ANALYZER_NUMBER_OBJECT_CONVERSION = YES_AGGRESSIVE;
				CLANG_CXX_LANGUAGE_STANDARD = "gnu++14";
				CLANG_CXX_LIBRARY = "libc++";
				CLANG_ENABLE_MODULES = YES;
				CLANG_ENABLE_OBJC_ARC = YES;
				CLANG_ENABLE_OBJC_WEAK = YES;
				CLANG_WARN_BLOCK_CAPTURE_AUTORELEASING = YES;
				CLANG_WARN_BOOL_CONVERSION = YES;
				CLANG_WARN_COMMA = YES;
				CLANG_WARN_CONSTANT_CONVERSION = YES;
				CLANG_WARN_DEPRECATED_OBJC_IMPLEMENTATIONS = YES;
				CLANG_WARN_DIRECT_OBJC_ISA_USAGE = YES_ERROR;
				CLANG_WARN_DOCUMENTATION_COMMENTS = YES;
				CLANG_WARN_EMPTY_BODY = YES;
				CLANG_WARN_ENUM_CONVERSION = YES;
				CLANG_WARN_INFINITE_RECURSION = YES;
				CLANG_WARN_INT_CONVERSION = YES;
				CLANG_WARN_NON_LITERAL_NULL_CONVERSION = YES;
				CLANG_WARN_OBJC_IMPLICIT_RETAIN_SELF = YES;
				CLANG_WARN_OBJC_LITERAL_CONVERSION = YES;
				CLANG_WARN_OBJC_ROOT_CLASS = YES_ERROR;
				CLANG_WARN_QUOTED_INCLUDE_IN_FRAMEWORK_HEADER = YES;
				CLANG_WARN_RANGE_LOOP_ANALYSIS = YES;
				CLANG_WARN_STRICT_PROTOTYPES = YES;
				CLANG_WARN_SUSPICIOUS_MOVE = YES;
				CLANG_WARN_UNGUARDED_AVAILABILITY = YES_AGGRESSIVE;
				CLANG_WARN_UNREACHABLE_CODE = YES;
				CLANG_WARN__DUPLICATE_METHOD_MATCH = YES;
				COPY_PHASE_STRIP = NO;
				DEBUG_INFORMATION_FORMAT = dwarf;
				ENABLE_STRICT_OBJC_MSGSEND = YES;
				ENABLE_TESTABILITY = YES;
				GCC_C_LANGUAGE_STANDARD = gnu11;
				GCC_DYNAMIC_NO_PIC = NO;
				GCC_NO_COMMON_BLOCKS = YES;
				GCC_OPTIMIZATION_LEVEL = 0;
				GCC_PREPROCESSOR_DEFINITIONS = (
					"$(inherited)",
					"DEBUG=1",
				);
				GCC_WARN_64_TO_32_BIT_CONVERSION = YES;
				GCC_WARN_ABOUT_RETURN_TYPE = YES_ERROR;
				GCC_WARN_UNDECLARED_SELECTOR = YES;
				GCC_WARN_UNINITIALIZED_AUTOS = YES_AGGRESSIVE;
				GCC_WARN_UNUSED_FUNCTION = YES;
				GCC_WARN_UNUSED_VARIABLE = YES;
				IPHONEOS_DEPLOYMENT_TARGET = 18.0;
				MTL_ENABLE_DEBUG_INFO = INCLUDE_SOURCE;
				MTL_FAST_MATH = YES;
				ONLY_ACTIVE_ARCH = YES;
				PRODUCT_NAME = "$(TARGET_NAME)";
				SDKROOT = iphoneos;
				SWIFT_ACTIVE_COMPILATION_CONDITIONS = DEBUG;
				SWIFT_OPTIMIZATION_LEVEL = "-Onone";
				SWIFT_VERSION = 6.0;
			};
			name = Debug;
		};
		3A3C5F7F1B4E87D26095CF37 /* Release */ = {
			isa = XCBuildConfiguration;
			buildSettings = {
				ALWAYS_SEARCH_USER_PATHS = NO;
				CLANG_ANALYZER_NONNULL = YES;
				CLANG_ANALYZER_NUMBER_OBJECT_CONVERSION = YES_AGGRESSIVE;
				CLANG_CXX_LANGUAGE_STANDARD = "gnu++14";
				CLANG_CXX_LIBRARY = "libc++";
				CLANG_ENABLE_MODULES = YES;
				CLANG_ENABLE_OBJC_ARC = YES;
				CLANG_ENABLE_OBJC_WEAK = YES;
				CLANG_WARN_BLOCK_CAPTURE_AUTORELEASING = YES;
				CLANG_WARN_BOOL_CONVERSION = YES;
				CLANG_WARN_COMMA = YES;
				CLANG_WARN_CONSTANT_CONVERSION = YES;
				CLANG_WARN_DEPRECATED_OBJC_IMPLEMENTATIONS = YES;
				CLANG_WARN_DIRECT_OBJC_ISA_USAGE = YES_ERROR;
				CLANG_WARN_DOCUMENTATION_COMMENTS = YES;
				CLANG_WARN_EMPTY_BODY = YES;
				CLANG_WARN_ENUM_CONVERSION = YES;
				CLANG_WARN_INFINITE_RECURSION = YES;
				CLANG_WARN_INT_CONVERSION = YES;
				CLANG_WARN_NON_LITERAL_NULL_CONVERSION = YES;
				CLANG_WARN_OBJC_IMPLICIT_RETAIN_SELF = YES;
				CLANG_WARN_OBJC_LITERAL_CONVERSION = YES;
				CLANG_WARN_OBJC_ROOT_CLASS = YES_ERROR;
				CLANG_WARN_QUOTED_INCLUDE_IN_FRAMEWORK_HEADER = YES;
				CLANG_WARN_RANGE_LOOP_ANALYSIS = YES;
				CLANG_WARN_STRICT_PROTOTYPES = YES;
				CLANG_WARN_SUSPICIOUS_MOVE = YES;
				CLANG_WARN_UNGUARDED_AVAILABILITY = YES_AGGRESSIVE;
				CLANG_WARN_UNREACHABLE_CODE = YES;
				CLANG_WARN__DUPLICATE_METHOD_MATCH = YES;
				COPY_PHASE_STRIP = NO;
				DEBUG_INFORMATION_FORMAT = "dwarf-with-dsym";
				ENABLE_NS_ASSERTIONS = NO;
				ENABLE_STRICT_OBJC_MSGSEND = YES;
				GCC_C_LANGUAGE_STANDARD = gnu11;
				GCC_NO_COMMON_BLOCKS = YES;
				GCC_WARN_64_TO_32_BIT_CONVERSION = YES;
				GCC_WARN_ABOUT_RETURN_TYPE = YES_ERROR;
				GCC_WARN_UNDECLARED_SELECTOR = YES;
				GCC_WARN_UNINITIALIZED_AUTOS = YES_AGGRESSIVE;
				GCC_WARN_UNUSED_FUNCTION = YES;
				GCC_WARN_UNUSED_VARIABLE = YES;
				IPHONEOS_DEPLOYMENT_TARGET = 18.0;
				MTL_ENABLE_DEBUG_INFO = NO;
				MTL_FAST_MATH = YES;
				PRODUCT_NAME = "$(TARGET_NAME)";
				SDKROOT = iphoneos;
				SWIFT_COMPILATION_MODE = wholemodule;
				SWIFT_OPTIMIZATION_LEVEL = "-O";
				SWIFT_VERSION = 6.0;
			};
			name = Release;
		};
		8D7E5393BCF53570378502D0 /* Release */ = {
			isa = XCBuildConfiguration;
			buildSettings = {
				ASSETCATALOG_COMPILER_APPICON_NAME = AppIcon;
				CODE_SIGN_IDENTITY = "iPhone Developer";
				CODE_SIGN_STYLE = Automatic;
				CURRENT_PROJECT_VERSION = 1;
				DEVELOPMENT_TEAM = "${DEVELOPMENT_TEAM}";
				GENERATE_INFOPLIST_FILE = NO;
				INFOPLIST_FILE = Sources/TokDown/Info.plist;
				IPHONEOS_DEPLOYMENT_TARGET = 18.0;
				LD_RUNPATH_SEARCH_PATHS = (
					"$(inherited)",
					"@executable_path/Frameworks",
				);
				MARKETING_VERSION = 0.1.0;
				PRODUCT_BUNDLE_IDENTIFIER = com.amadad.tokdown;
				PRODUCT_NAME = TokDown;
				SDKROOT = iphoneos;
				SUPPORTS_MACCATALYST = NO;
				SUPPORTS_MAC_DESIGNED_FOR_IPHONE_IPAD = NO;
				TARGETED_DEVICE_FAMILY = 1;
			};
			name = Release;
		};
		A52BCF6DD4368B32703DC35F /* Debug */ = {
			isa = XCBuildConfiguration;
			buildSettings = {
				BUNDLE_LOADER = "$(TEST_HOST)";
				GENERATE_INFOPLIST_FILE = YES;
				IPHONEOS_DEPLOYMENT_TARGET = 18.0;
				LD_RUNPATH_SEARCH_PATHS = (
					"$(inherited)",
					"@executable_path/Frameworks",
					"@loader_path/Frameworks",
				);
				PRODUCT_BUNDLE_IDENTIFIER = com.amadad.tokdown.tests;
				SDKROOT = iphoneos;
				TARGETED_DEVICE_FAMILY = 1;
				TEST_HOST = "$(BUILT_PRODUCTS_DIR)/TokDown.app/TokDown";
			};
			name = Debug;
		};
		AF9CF446923D5BD548A74EF6 /* Release */ = {
			isa = XCBuildConfiguration;
			buildSettings = {
				BUNDLE_LOADER = "$(TEST_HOST)";
				GENERATE_INFOPLIST_FILE = YES;
				IPHONEOS_DEPLOYMENT_TARGET = 18.0;
				LD_RUNPATH_SEARCH_PATHS = (
					"$(inherited)",
					"@executable_path/Frameworks",
					"@loader_path/Frameworks",
				);
				PRODUCT_BUNDLE_IDENTIFIER = com.amadad.tokdown.tests;
				SDKROOT = iphoneos;
				TARGETED_DEVICE_FAMILY = 1;
				TEST_HOST = "$(BUILT_PRODUCTS_DIR)/TokDown.app/TokDown";
			};
			name = Release;
		};
		C8E4083DABD3679A8564A6C4 /* Debug */ = {
			isa = XCBuildConfiguration;
			buildSettings = {
				ASSETCATALOG_COMPILER_APPICON_NAME = AppIcon;
				CODE_SIGN_IDENTITY = "iPhone Developer";
				CODE_SIGN_STYLE = Automatic;
				CURRENT_PROJECT_VERSION = 1;
				DEVELOPMENT_TEAM = "${DEVELOPMENT_TEAM}";
				GENERATE_INFOPLIST_FILE = NO;
				INFOPLIST_FILE = Sources/TokDown/Info.plist;
				IPHONEOS_DEPLOYMENT_TARGET = 18.0;
				LD_RUNPATH_SEARCH_PATHS = (
					"$(inherited)",
					"@executable_path/Frameworks",
				);
				MARKETING_VERSION = 0.1.0;
				PRODUCT_BUNDLE_IDENTIFIER = com.amadad.tokdown;
				PRODUCT_NAME = TokDown;
				SDKROOT = iphoneos;
				SUPPORTS_MACCATALYST = NO;
				SUPPORTS_MAC_DESIGNED_FOR_IPHONE_IPAD = NO;
				TARGETED_DEVICE_FAMILY = 1;
			};
			name = Debug;
		};
/* End XCBuildConfiguration section */

/* Begin XCConfigurationList section */
		0D669172084DF2836DBA3DA7 /* Build configuration list for PBXNativeTarget "TokDown" */ = {
			isa = XCConfigurationList;
			buildConfigurations = (
				C8E4083DABD3679A8564A6C4 /* Debug */,
				8D7E5393BCF53570378502D0 /* Release */,
			);
			defaultConfigurationIsVisible = 0;
			defaultConfigurationName = Debug;
		};
		B5140123339F690BCCC968DD /* Build configuration list for PBXNativeTarget "TokDownTests" */ = {
			isa = XCConfigurationList;
			buildConfigurations = (
				A52BCF6DD4368B32703DC35F /* Debug */,
				AF9CF446923D5BD548A74EF6 /* Release */,
			);
			defaultConfigurationIsVisible = 0;
			defaultConfigurationName = Debug;
		};
		CB798FCB1A81050A739D5E25 /* Build configuration list for PBXProject "TokDown" */ = {
			isa = XCConfigurationList;
			buildConfigurations = (
				23974E88116A151B0B45B52C /* Debug */,
				3A3C5F7F1B4E87D26095CF37 /* Release */,
			);
			defaultConfigurationIsVisible = 0;
			defaultConfigurationName = Debug;
		};
/* End XCConfigurationList section */

/* Begin XCRemoteSwiftPackageReference section */
		ABA1747796130C69593C8DB9 /* XCRemoteSwiftPackageReference "swift-opus" */ = {
			isa = XCRemoteSwiftPackageReference;
			repositoryURL = "https://github.com/alta/swift-opus";
			requirement = {
				kind = upToNextMajorVersion;
				minimumVersion = 0.0.2;
			};
		};
/* End XCRemoteSwiftPackageReference section */

/* Begin XCSwiftPackageProductDependency section */
		9CFB173F599903C014ED62E5 /* Opus */ = {
			isa = XCSwiftPackageProductDependency;
			package = ABA1747796130C69593C8DB9 /* XCRemoteSwiftPackageReference "swift-opus" */;
			productName = Opus;
		};
/* End XCSwiftPackageProductDependency section */
	};
	rootObject = AFD2FBB6F5EBB7DD47E39FB4 /* Project object */;
}
